{
  "R": "4.4.1",
  "Rversion": "4.4.1",
  "repositories": [
    {
      "name": "CRAN",
      "url": "https://cran.r-project.org"
    },
    {
      "name": "Bioconductor",
      "url": "https://bioconductor.org"
    }
  ],
  "packages": {
    "here": {
      "Package": "here",
      "Version": "1.0.1",
      "Source": "Repository",
      "Repository": "CRAN",
      "Requirements": []
    },
    "dplyr": {
      "Package": "dplyr",
      "Version": "1.2.1",
      "Source": "Repository",
      "Repository": "CRAN",
      "Requirements": ["rlang", "tidyselect"]
    },
    "readr": {
      "Package": "readr",
      "Version": "2.1.5",
      "Source": "Repository",
      "Repository": "CRAN",
      "Requirements": []
    },
    "ggplot2": {
      "Package": "ggplot2",
      "Version": "4.0.0",
      "Source": "Repository",
      "Repository": "CRAN",
      "Requirements": []
    },
    "ggrepel": {
      "Package": "ggrepel",
      "Version": "0.9.6",
      "Source": "Repository",
      "Repository": "CRAN",
      "Requirements": ["ggplot2", "Rcpp"]
    },
    "scales": {
      "Package": "scales",
      "Version": "1.4.0",
      "Source": "Repository",
      "Repository": "CRAN",
      "Requirements": []
    },
    "tidyr": {
      "Package": "tidyr",
      "Version": "1.3.1",
      "Source": "Repository",
      "Repository": "CRAN",
      "Requirements": ["dplyr", "rlang"]
    },
    "DBI": {
      "Package": "DBI",
      "Version": "1.2.3",
      "Source": "Repository",
      "Repository": "CRAN",
      "Requirements": []
    },
    "RSQLite": {
      "Package": "RSQLite",
      "Version": "2.4.3",
      "Source": "Repository",
      "Repository": "CRAN",
      "Requirements": ["DBI"]
    },
    "BgeeDB": {
      "Package": "BgeeDB",
      "Version": "2.32.0",
      "Source": "Bioconductor",
      "Repository": "Bioconductor",
      "Requirements": ["biomaRt", "DBI", "RSQLite"]
    },
    "tidyselect": {
      "Package": "tidyselect",
      "Version": "1.2.1",
      "Source": "Repository",
      "Repository": "CRAN",
      "Requirements": ["rlang"]
    },
    "stringr": {
      "Package": "stringr",
      "Version": "1.5.1",
      "Source": "Repository",
      "Repository": "CRAN",
      "Requirements": []
    },
    "rlang": {
      "Package": "rlang",
      "Version": "1.1.4",
      "Source": "Repository",
      "Repository": "CRAN",
      "Requirements": []
    },
    "biomaRt": {
      "Package": "biomaRt",
      "Version": "2.62.0",
      "Source": "Bioconductor",
      "Repository": "Bioconductor",
      "Requirements": ["XML", "RCurl", "DBI"]
    },
    "foreach": {
      "Package": "foreach",
      "Version": "1.5.2",
      "Source": "Repository",
      "Repository": "CRAN",
      "Requirements": ["iterators", "codetools"]
    },
    "doParallel": {
      "Package": "doParallel",
      "Version": "1.0.17",
      "Source": "Repository",
      "Repository": "CRAN",
      "Requirements": ["foreach", "parallel"]
    }
  }
}
